
Microsoft Visual Studio Solution File, Format Version 12.00
# Visual Studio 14
VisualStudioVersion = 14.0.24720.0
MinimumVisualStudioVersion = 10.0.40219.1
Project("{FAE04EC0-301F-11D3-BF4B-00C04F79EFBC}") = "Stl911", "Stl911\Stl911.csproj", "{4DB3EB9C-8357-42AC-B46A-C0707F108262}"
EndProject
Project("{FAE04EC0-301F-11D3-BF4B-00C04F79EFBC}") = "Stl911Domain", "Stl911Domain\Stl911Domain.csproj", "{1BC275B4-8E2E-422B-B8E7-7FAE998D2B27}"
EndProject
Project("{FAE04EC0-301F-11D3-BF4B-00C04F79EFBC}") = "Stl911Repository", "Stl911Repository\Stl911Repository.csproj", "{DB72DE18-8A0C-4ADE-9CE0-960ECC01EF88}"
EndProject
Project("{FAE04EC0-301F-11D3-BF4B-00C04F79EFBC}") = "Stl911Console", "Stl911Console\Stl911Console.csproj", "{DFEAAD53-2A78-40EE-8C94-5041C9549D4E}"
EndProject
Global
	GlobalSection(SolutionConfigurationPlatforms) = preSolution
		Debug|Any CPU = Debug|Any CPU
		Release|Any CPU = Release|Any CPU
	EndGlobalSection
	GlobalSection(ProjectConfigurationPlatforms) = postSolution
		{4DB3EB9C-8357-42AC-B46A-C0707F108262}.Debug|Any CPU.ActiveCfg = Debug|Any CPU
		{4DB3EB9C-8357-42AC-B46A-C0707F108262}.Debug|Any CPU.Build.0 = Debug|Any CPU
		{4DB3EB9C-8357-42AC-B46A-C0707F108262}.Release|Any CPU.ActiveCfg = Release|Any CPU
		{4DB3EB9C-8357-42AC-B46A-C0707F108262}.Release|Any CPU.Build.0 = Release|Any CPU
		{1BC275B4-8E2E-422B-B8E7-7FAE998D2B27}.Debug|Any CPU.ActiveCfg = Debug|Any CPU
		{1BC275B4-8E2E-422B-B8E7-7FAE998D2B27}.Debug|Any CPU.Build.0 = Debug|Any CPU
		{1BC275B4-8E2E-422B-B8E7-7FAE998D2B27}.Release|Any CPU.ActiveCfg = Release|Any CPU
		{1BC275B4-8E2E-422B-B8E7-7FAE998D2B27}.Release|Any CPU.Build.0 = Release|Any CPU
		{DB72DE18-8A0C-4ADE-9CE0-960ECC01EF88}.Debug|Any CPU.ActiveCfg = Debug|Any CPU
		{DB72DE18-8A0C-4ADE-9CE0-960ECC01EF88}.Debug|Any CPU.Build.0 = Debug|Any CPU
		{DB72DE18-8A0C-4ADE-9CE0-960ECC01EF88}.Release|Any CPU.ActiveCfg = Release|Any CPU
		{DB72DE18-8A0C-4ADE-9CE0-960ECC01EF88}.Release|Any CPU.Build.0 = Release|Any CPU
		{DFEAAD53-2A78-40EE-8C94-5041C9549D4E}.Debug|Any CPU.ActiveCfg = Debug|Any CPU
		{DFEAAD53-2A78-40EE-8C94-5041C9549D4E}.Debug|Any CPU.Build.0 = Debug|Any CPU
		{DFEAAD53-2A78-40EE-8C94-5041C9549D4E}.Release|Any CPU.ActiveCfg = Release|Any CPU
		{DFEAAD53-2A78-40EE-8C94-5041C9549D4E}.Release|Any CPU.Build.0 = Release|Any CPU
	EndGlobalSection
	GlobalSection(SolutionProperties) = preSolution
		HideSolutionNode = FALSE
	EndGlobalSection
EndGlobal
